// !$*UTF8*$!
{
	archiveVersion = 1;
	classes = {
	};
	objectVersion = 50;
	objects = {

/* Begin PBXBuildFile section */
		EAC2F9D6267BA1B40061F1B8 /* NetworkWaetherManager.swift in Sources */ = {isa = PBXBuildFile; fileRef = EAC2F9D5267BA1B40061F1B8 /* NetworkWaetherManager.swift */; };
		EAC2F9D8267BA2A60061F1B8 /* Constants.swift in Sources */ = {isa = PBXBuildFile; fileRef = EAC2F9D7267BA2A60061F1B8 /* Constants.swift */; };
		EAF9D9D8267A4358005A31A1 /* AppDelegate.swift in Sources */ = {isa = PBXBuildFile; fileRef = EAF9D9D7267A4358005A31A1 /* AppDelegate.swift */; };
		EAF9D9DA267A4358005A31A1 /* SceneDelegate.swift in Sources */ = {isa = PBXBuildFile; fileRef = EAF9D9D9267A4358005A31A1 /* SceneDelegate.swift */; };
		EAF9D9DC267A4358005A31A1 /* ViewController.swift in Sources */ = {isa = PBXBuildFile; fileRef = EAF9D9DB267A4358005A31A1 /* ViewController.swift */; };
		EAF9D9DF267A4358005A31A1 /* Main.storyboard in Resources */ = {isa = PBXBuildFile; fileRef = EAF9D9DD267A4358005A31A1 /* Main.storyboard */; };
		EAF9D9E1267A4359005A31A1 /* Assets.xcassets in Resources */ = {isa = PBXBuildFile; fileRef = EAF9D9E0267A4359005A31A1 /* Assets.xcassets */; };
		EAF9D9E4267A4359005A31A1 /* LaunchScreen.storyboard in Resources */ = {isa = PBXBuildFile; fileRef = EAF9D9E2267A4359005A31A1 /* LaunchScreen.storyboard */; };
		EAF9D9F1267A58D2005A31A1 /* ViewController+alertController.swift in Sources */ = {isa = PBXBuildFile; fileRef = EAF9D9F0267A58D2005A31A1 /* ViewController+alertController.swift */; };
/* End PBXBuildFile section */

/* Begin PBXFileReference section */
		EAC2F9D5267BA1B40061F1B8 /* NetworkWaetherManager.swift */ = {isa = PBXFileReference; lastKnownFileType = sourcecode.swift; path = NetworkWaetherManager.swift; sourceTree = "<group>"; };
		EAC2F9D7267BA2A60061F1B8 /* Constants.swift */ = {isa = PBXFileReference; lastKnownFileType = sourcecode.swift; path = Constants.swift; sourceTree = "<group>"; };
		EAF9D9D4267A4358005A31A1 /* WeatheApp (work with API).app */ = {isa = PBXFileReference; explicitFileType = wrapper.application; includeInIndex = 0; path = "WeatheApp (work with API).app"; sourceTree = BUILT_PRODUCTS_DIR; };
		EAF9D9D7267A4358005A31A1 /* AppDelegate.swift */ = {isa = PBXFileReference; lastKnownFileType = sourcecode.swift; path = AppDelegate.swift; sourceTree = "<group>"; };
		EAF9D9D9267A4358005A31A1 /* SceneDelegate.swift */ = {isa = PBXFileReference; lastKnownFileType = sourcecode.swift; path = SceneDelegate.swift; sourceTree = "<group>"; };
		EAF9D9DB267A4358005A31A1 /* ViewController.swift */ = {isa = PBXFileReference; lastKnownFileType = sourcecode.swift; path = ViewController.swift; sourceTree = "<group>"; };
		EAF9D9DE267A4358005A31A1 /* Base */ = {isa = PBXFileReference; lastKnownFileType = file.storyboard; name = Base; path = Base.lproj/Main.storyboard; sourceTree = "<group>"; };
		EAF9D9E0267A4359005A31A1 /* Assets.xcassets */ = {isa = PBXFileReference; lastKnownFileType = folder.assetcatalog; path = Assets.xcassets; sourceTree = "<group>"; };
		EAF9D9E3267A4359005A31A1 /* Base */ = {isa = PBXFileReference; lastKnownFileType = file.storyboard; name = Base; path = Base.lproj/LaunchScreen.storyboard; sourceTree = "<group>"; };
		EAF9D9E5267A4359005A31A1 /* Info.plist */ = {isa = PBXFileReference; lastKnownFileType = text.plist.xml; path = Info.plist; sourceTree = "<group>"; };
		EAF9D9F0267A58D2005A31A1 /* ViewController+alertController.swift */ = {isa = PBXFileReference; lastKnownFileType = sourcecode.swift; path = "ViewController+alertController.swift"; sourceTree = "<group>"; };
/* End PBXFileReference section */

/* Begin PBXFrameworksBuildPhase section */
		EAF9D9D1267A4358005A31A1 /* Frameworks */ = {
			isa = PBXFrameworksBuildPhase;
			buildActionMask = 2147483647;
			files = (
			);
			runOnlyForDeploymentPostprocessing = 0;
		};
/* End PBXFrameworksBuildPhase section */

/* Begin PBXGroup section */
		EAF9D9CB267A4358005A31A1 = {
			isa = PBXGroup;
			children = (
				EAF9D9D6267A4358005A31A1 /* WeatheApp (work with API) */,
				EAF9D9D5267A4358005A31A1 /* Products */,
			);
			sourceTree = "<group>";
		};
		EAF9D9D5267A4358005A31A1 /* Products */ = {
			isa = PBXGroup;
			children = (
				EAF9D9D4267A4358005A31A1 /* WeatheApp (work with API).app */,
			);
			name = Products;
			sourceTree = "<group>";
		};
		EAF9D9D6267A4358005A31A1 /* WeatheApp (work with API) */ = {
			isa = PBXGroup;
			children = (
				EAF9D9EB267A4373005A31A1 /* Extensions */,
				EAF9D9EC267A437E005A31A1 /* Views */,
				EAF9D9ED267A4391005A31A1 /* Models */,
				EAF9D9EE267A439D005A31A1 /* View Controllers */,
				EAF9D9EF267A43C2005A31A1 /* Supporting files */,
			);
			path = "WeatheApp (work with API)";
			sourceTree = "<group>";
		};
		EAF9D9EB267A4373005A31A1 /* Extensions */ = {
			isa = PBXGroup;
			children = (
				EAF9D9F0267A58D2005A31A1 /* ViewController+alertController.swift */,
			);
			path = Extensions;
			sourceTree = "<group>";
		};
		EAF9D9EC267A437E005A31A1 /* Views */ = {
			isa = PBXGroup;
			children = (
				EAF9D9DD267A4358005A31A1 /* Main.storyboard */,
			);
			path = Views;
			sourceTree = "<group>";
		};
		EAF9D9ED267A4391005A31A1 /* Models */ = {
			isa = PBXGroup;
			children = (
				EAC2F9D5267BA1B40061F1B8 /* NetworkWaetherManager.swift */,
			);
			path = Models;
			sourceTree = "<group>";
		};
		EAF9D9EE267A439D005A31A1 /* View Controllers */ = {
			isa = PBXGroup;
			children = (
				EAF9D9DB267A4358005A31A1 /* ViewController.swift */,
			);
			path = "View Controllers";
			sourceTree = "<group>";
		};
		EAF9D9EF267A43C2005A31A1 /* Supporting files */ = {
			isa = PBXGroup;
			children = (
				EAC2F9D7267BA2A60061F1B8 /* Constants.swift */,
				EAF9D9E2267A4359005A31A1 /* LaunchScreen.storyboard */,
				EAF9D9D7267A4358005A31A1 /* AppDelegate.swift */,
				EAF9D9D9267A4358005A31A1 /* SceneDelegate.swift */,
				EAF9D9E0267A4359005A31A1 /* Assets.xcassets */,
				EAF9D9E5267A4359005A31A1 /* Info.plist */,
			);
			path = "Supporting files";
			sourceTree = "<group>";
		};
/* End PBXGroup section */

/* Begin PBXNativeTarget section */
		EAF9D9D3267A4358005A31A1 /* WeatheApp (work with API) */ = {
			isa = PBXNativeTarget;
			buildConfigurationList = EAF9D9E8267A4359005A31A1 /* Build configuration list for PBXNativeTarget "WeatheApp (work with API)" */;
			buildPhases = (
				EAF9D9D0267A4358005A31A1 /* Sources */,
				EAF9D9D1267A4358005A31A1 /* Frameworks */,
				EAF9D9D2267A4358005A31A1 /* Resources */,
			);
			buildRules = (
			);
			dependencies = (
			);
			name = "WeatheApp (work with API)";
			productName = "WeatheApp (work with API)";
			productReference = EAF9D9D4267A4358005A31A1 /* WeatheApp (work with API).app */;
			productType = "com.apple.product-type.application";
		};
/* End PBXNativeTarget section */

/* Begin PBXProject section */
		EAF9D9CC267A4358005A31A1 /* Project object */ = {
			isa = PBXProject;
			attributes = {
				LastSwiftUpdateCheck = 1250;
				LastUpgradeCheck = 1250;
				TargetAttributes = {
					EAF9D9D3267A4358005A31A1 = {
						CreatedOnToolsVersion = 12.5;
					};
				};
			};
			buildConfigurationList = EAF9D9CF267A4358005A31A1 /* Build configuration list for PBXProject "WeatheApp (work with API)" */;
			compatibilityVersion = "Xcode 9.3";
			developmentRegion = en;
			hasScannedForEncodings = 0;
			knownRegions = (
				en,
				Base,
			);
			mainGroup = EAF9D9CB267A4358005A31A1;
			productRefGroup = EAF9D9D5267A4358005A31A1 /* Products */;
			projectDirPath = "";
			projectRoot = "";
			targets = (
				EAF9D9D3267A4358005A31A1 /* WeatheApp (work with API) */,
			);
		};
/* End PBXProject section */

/* Begin PBXResourcesBuildPhase section */
		EAF9D9D2267A4358005A31A1 /* Resources */ = {
			isa = PBXResourcesBuildPhase;
			buildActionMask = 2147483647;
			files = (
				EAF9D9E4267A4359005A31A1 /* LaunchScreen.storyboard in Resources */,
				EAF9D9E1267A4359005A31A1 /* Assets.xcassets in Resources */,
				EAF9D9DF267A4358005A31A1 /* Main.storyboard in Resources */,
			);
			runOnlyForDeploymentPostprocessing = 0;
		};
/* End PBXResourcesBuildPhase section */

/* Begin PBXSourcesBuildPhase section */
		EAF9D9D0267A4358005A31A1 /* Sources */ = {
			isa = PBXSourcesBuildPhase;
			buildActionMask = 2147483647;
			files = (
				EAF9D9DC267A4358005A31A1 /* ViewController.swift in Sources */,
				EAC2F9D6267BA1B40061F1B8 /* NetworkWaetherManager.swift in Sources */,
				EAF9D9F1267A58D2005A31A1 /* ViewController+alertController.swift in Sources */,
				EAF9D9D8267A4358005A31A1 /* AppDelegate.swift in Sources */,
				EAF9D9DA267A4358005A31A1 /* SceneDelegate.swift in Sources */,
				EAC2F9D8267BA2A60061F1B8 /* Constants.swift in Sources */,
			);
			runOnlyForDeploymentPostprocessing = 0;
		};
/* End PBXSourcesBuildPhase section */

/* Begin PBXVariantGroup section */
		EAF9D9DD267A4358005A31A1 /* Main.storyboard */ = {
			isa = PBXVariantGroup;
			children = (
				EAF9D9DE267A4358005A31A1 /* Base */,
			);
			name = Main.storyboard;
			sourceTree = "<group>";
		};
		EAF9D9E2267A4359005A31A1 /* LaunchScreen.storyboard */ = {
			isa = PBXVariantGroup;
			children = (
				EAF9D9E3267A4359005A31A1 /* Base */,
			);
			name = LaunchScreen.storyboard;
			sourceTree = "<group>";
		};
/* End PBXVariantGroup section */

/* Begin XCBuildConfiguration section */
		EAF9D9E6267A4359005A31A1 /* Debug */ = {
			isa = XCBuildConfiguration;
			buildSettings = {
				ALWAYS_SEARCH_USER_PATHS = NO;
				CLANG_ANALYZER_NONNULL = YES;
				CLANG_ANALYZER_NUMBER_OBJECT_CONVERSION = YES_AGGRESSIVE;
				CLANG_CXX_LANGUAGE_STANDARD = "gnu++14";
				CLANG_CXX_LIBRARY = "libc++";
				CLANG_ENABLE_MODULES = YES;
				CLANG_ENABLE_OBJC_ARC = YES;
				CLANG_ENABLE_OBJC_WEAK = YES;
				CLANG_WARN_BLOCK_CAPTURE_AUTORELEASING = YES;
				CLANG_WARN_BOOL_CONVERSION = YES;
				CLANG_WARN_COMMA = YES;
				CLANG_WARN_CONSTANT_CONVERSION = YES;
				CLANG_WARN_DEPRECATED_OBJC_IMPLEMENTATIONS = YES;
				CLANG_WARN_DIRECT_OBJC_ISA_USAGE = YES_ERROR;
				CLANG_WARN_DOCUMENTATION_COMMENTS = YES;
				CLANG_WARN_EMPTY_BODY = YES;
				CLANG_WARN_ENUM_CONVERSION = YES;
				CLANG_WARN_INFINITE_RECURSION = YES;
				CLANG_WARN_INT_CONVERSION = YES;
				CLANG_WARN_NON_LITERAL_NULL_CONVERSION = YES;
				CLANG_WARN_OBJC_IMPLICIT_RETAIN_SELF = YES;
				CLANG_WARN_OBJC_LITERAL_CONVERSION = YES;
				CLANG_WARN_OBJC_ROOT_CLASS = YES_ERROR;
				CLANG_WARN_QUOTED_INCLUDE_IN_FRAMEWORK_HEADER = YES;
				CLANG_WARN_RANGE_LOOP_ANALYSIS = YES;
				CLANG_WARN_STRICT_PROTOTYPES = YES;
				CLANG_WARN_SUSPICIOUS_MOVE = YES;
				CLANG_WARN_UNGUARDED_AVAILABILITY = YES_AGGRESSIVE;
				CLANG_WARN_UNREACHABLE_CODE = YES;
				CLANG_WARN__DUPLICATE_METHOD_MATCH = YES;
				COPY_PHASE_STRIP = NO;
				DEBUG_INFORMATION_FORMAT = dwarf;
				ENABLE_STRICT_OBJC_MSGSEND = YES;
				ENABLE_TESTABILITY = YES;
				GCC_C_LANGUAGE_STANDARD = gnu11;
				GCC_DYNAMIC_NO_PIC = NO;
				GCC_NO_COMMON_BLOCKS = YES;
				GCC_OPTIMIZATION_LEVEL = 0;
				GCC_PREPROCESSOR_DEFINITIONS = (
					"DEBUG=1",
					"$(inherited)",
				);
				GCC_WARN_64_TO_32_BIT_CONVERSION = YES;
				GCC_WARN_ABOUT_RETURN_TYPE = YES_ERROR;
				GCC_WARN_UNDECLARED_SELECTOR = YES;
				GCC_WARN_UNINITIALIZED_AUTOS = YES_AGGRESSIVE;
				GCC_WARN_UNUSED_FUNCTION = YES;
				GCC_WARN_UNUSED_VARIABLE = YES;
				IPHONEOS_DEPLOYMENT_TARGET = 14.5;
				MTL_ENABLE_DEBUG_INFO = INCLUDE_SOURCE;
				MTL_FAST_MATH = YES;
				ONLY_ACTIVE_ARCH = YES;
				SDKROOT = iphoneos;
				SWIFT_ACTIVE_COMPILATION_CONDITIONS = DEBUG;
				SWIFT_OPTIMIZATION_LEVEL = "-Onone";
			};
			name = Debug;
		};
		EAF9D9E7267A4359005A31A1 /* Release */ = {
			isa = XCBuildConfiguration;
			buildSettings = {
				ALWAYS_SEARCH_USER_PATHS = NO;
				CLANG_ANALYZER_NONNULL = YES;
				CLANG_ANALYZER_NUMBER_OBJECT_CONVERSION = YES_AGGRESSIVE;
				CLANG_CXX_LANGUAGE_STANDARD = "gnu++14";
				CLANG_CXX_LIBRARY = "libc++";
				CLANG_ENABLE_MODULES = YES;
				CLANG_ENABLE_OBJC_ARC = YES;
				CLANG_ENABLE_OBJC_WEAK = YES;
				CLANG_WARN_BLOCK_CAPTURE_AUTORELEASING = YES;
				CLANG_WARN_BOOL_CONVERSION = YES;
				CLANG_WARN_COMMA = YES;
				CLANG_WARN_CONSTANT_CONVERSION = YES;
				CLANG_WARN_DEPRECATED_OBJC_IMPLEMENTATIONS = YES;
				CLANG_WARN_DIRECT_OBJC_ISA_USAGE = YES_ERROR;
				CLANG_WARN_DOCUMENTATION_COMMENTS = YES;
				CLANG_WARN_EMPTY_BODY = YES;
				CLANG_WARN_ENUM_CONVERSION = YES;
				CLANG_WARN_INFINITE_RECURSION = YES;
				CLANG_WARN_INT_CONVERSION = YES;
				CLANG_WARN_NON_LITERAL_NULL_CONVERSION = YES;
				CLANG_WARN_OBJC_IMPLICIT_RETAIN_SELF = YES;
				CLANG_WARN_OBJC_LITERAL_CONVERSION = YES;
				CLANG_WARN_OBJC_ROOT_CLASS = YES_ERROR;
				CLANG_WARN_QUOTED_INCLUDE_IN_FRAMEWORK_HEADER = YES;
				CLANG_WARN_RANGE_LOOP_ANALYSIS = YES;
				CLANG_WARN_STRICT_PROTOTYPES = YES;
				CLANG_WARN_SUSPICIOUS_MOVE = YES;
				CLANG_WARN_UNGUARDED_AVAILABILITY = YES_AGGRESSIVE;
				CLANG_WARN_UNREACHABLE_CODE = YES;
				CLANG_WARN__DUPLICATE_METHOD_MATCH = YES;
				COPY_PHASE_STRIP = NO;
				DEBUG_INFORMATION_FORMAT = "dwarf-with-dsym";
				ENABLE_NS_ASSERTIONS = NO;
				ENABLE_STRICT_OBJC_MSGSEND = YES;
				GCC_C_LANGUAGE_STANDARD = gnu11;
				GCC_NO_COMMON_BLOCKS = YES;
				GCC_WARN_64_TO_32_BIT_CONVERSION = YES;
				GCC_WARN_ABOUT_RETURN_TYPE = YES_ERROR;
				GCC_WARN_UNDECLARED_SELECTOR = YES;
				GCC_WARN_UNINITIALIZED_AUTOS = YES_AGGRESSIVE;
				GCC_WARN_UNUSED_FUNCTION = YES;
				GCC_WARN_UNUSED_VARIABLE = YES;
				IPHONEOS_DEPLOYMENT_TARGET = 14.5;
				MTL_ENABLE_DEBUG_INFO = NO;
				MTL_FAST_MATH = YES;
				SDKROOT = iphoneos;
				SWIFT_COMPILATION_MODE = wholemodule;
				SWIFT_OPTIMIZATION_LEVEL = "-O";
				VALIDATE_PRODUCT = YES;
			};
			name = Release;
		};
		EAF9D9E9267A4359005A31A1 /* Debug */ = {
			isa = XCBuildConfiguration;
			buildSettings = {
				ASSETCATALOG_COMPILER_APPICON_NAME = AppIcon;
				ASSETCATALOG_COMPILER_GLOBAL_ACCENT_COLOR_NAME = AccentColor;
				CODE_SIGN_STYLE = Automatic;
				DEVELOPMENT_TEAM = TLX89AH7T8;
				INFOPLIST_FILE = "WeatheApp (work with API)/Supporting files/Info.plist";
				LD_RUNPATH_SEARCH_PATHS = (
					"$(inherited)",
					"@executable_path/Frameworks",
				);
				PRODUCT_BUNDLE_IDENTIFIER = "com.vv.WeatheApp--work-with-API-";
				PRODUCT_NAME = "$(TARGET_NAME)";
				SWIFT_VERSION = 5.0;
				TARGETED_DEVICE_FAMILY = "1,2";
			};
			name = Debug;
		};
		EAF9D9EA267A4359005A31A1 /* Release */ = {
			isa = XCBuildConfiguration;
			buildSettings = {
				ASSETCATALOG_COMPILER_APPICON_NAME = AppIcon;
				ASSETCATALOG_COMPILER_GLOBAL_ACCENT_COLOR_NAME = AccentColor;
				CODE_SIGN_STYLE = Automatic;
				DEVELOPMENT_TEAM = TLX89AH7T8;
				INFOPLIST_FILE = "WeatheApp (work with API)/Supporting files/Info.plist";
				LD_RUNPATH_SEARCH_PATHS = (
					"$(inherited)",
					"@executable_path/Frameworks",
				);
				PRODUCT_BUNDLE_IDENTIFIER = "com.vv.WeatheApp--work-with-API-";
				PRODUCT_NAME = "$(TARGET_NAME)";
				SWIFT_VERSION = 5.0;
				TARGETED_DEVICE_FAMILY = "1,2";
			};
			name = Release;
		};
/* End XCBuildConfiguration section */

/* Begin XCConfigurationList section */
		EAF9D9CF267A4358005A31A1 /* Build configuration list for PBXProject "WeatheApp (work with API)" */ = {
			isa = XCConfigurationList;
			buildConfigurations = (
				EAF9D9E6267A4359005A31A1 /* Debug */,
				EAF9D9E7267A4359005A31A1 /* Release */,
			);
			defaultConfigurationIsVisible = 0;
			defaultConfigurationName = Release;
		};
		EAF9D9E8267A4359005A31A1 /* Build configuration list for PBXNativeTarget "WeatheApp (work with API)" */ = {
			isa = XCConfigurationList;
			buildConfigurations = (
				EAF9D9E9267A4359005A31A1 /* Debug */,
				EAF9D9EA267A4359005A31A1 /* Release */,
			);
			defaultConfigurationIsVisible = 0;
			defaultConfigurationName = Release;
		};
/* End XCConfigurationList section */
	};
	rootObject = EAF9D9CC267A4358005A31A1 /* Project object */;
}
